
Microsoft Visual Studio Solution File, Format Version 12.00
# Visual Studio Version 17
VisualStudioVersion = 17.5.33530.505
MinimumVisualStudioVersion = 10.0.40219.1
Project("{2150E333-8FDC-42A3-9474-1A3956D46DE8}") = "FrontEnd", "FrontEnd", "{0B3C3F2D-35D9-4F8B-A084-D44A65EBC40C}"
EndProject
Project("{2150E333-8FDC-42A3-9474-1A3956D46DE8}") = "Identity", "Identity", "{FF451AC0-FDBE-4C1F-87D9-FBEFD1B02E4B}"
EndProject
Project("{2150E333-8FDC-42A3-9474-1A3956D46DE8}") = "Gateway", "Gateway", "{DCAB9459-551C-439A-95A4-AAF56E17E0AA}"
EndProject
Project("{2150E333-8FDC-42A3-9474-1A3956D46DE8}") = "Integration", "Integration", "{5A439C52-00C1-4776-951B-795B28D8B1BA}"
EndProject
Project("{2150E333-8FDC-42A3-9474-1A3956D46DE8}") = "Payment", "Payment", "{BFAF178B-5F50-44A9-A4F0-E86A0629874C}"
EndProject
Project("{2150E333-8FDC-42A3-9474-1A3956D46DE8}") = "Services", "Services", "{5C7CBE54-7D2F-48B0-A058-6D04623F5C66}"
EndProject
Project("{9A19103F-16F7-4668-BE54-9A1E7A4F7556}") = "Rise.Web", "FrontEnd\Rise.Web\Rise.Web.csproj", "{1145C25F-BD2B-41A6-A8B4-696241F0A9DC}"
EndProject
Project("{9A19103F-16F7-4668-BE54-9A1E7A4F7556}") = "Gateway.Solition", "Gateway\Gateway.Solition\Gateway.Solition.csproj", "{A0A8D8A2-B12F-4798-AF19-EBDDBB4725F0}"
EndProject
Project("{9A19103F-16F7-4668-BE54-9A1E7A4F7556}") = "Rise.Services.Identity", "Identity\Rise.Services.Identity\Rise.Services.Identity.csproj", "{A4F966E9-9254-4C93-9714-80BCF0E6DAD1}"
EndProject
Project("{9A19103F-16F7-4668-BE54-9A1E7A4F7556}") = "Rise.MessageBus", "Integration\Rise.MessageBus\Rise.MessageBus.csproj", "{03AEBC4A-CB77-4104-935B-B6BC56F5D1AD}"
EndProject
Project("{9A19103F-16F7-4668-BE54-9A1E7A4F7556}") = "PaymentProcessor", "Payment\PaymentProcessor\PaymentProcessor.csproj", "{5BBB232D-CEA5-403F-8CDB-5C0572EA53D8}"
EndProject
Project("{9A19103F-16F7-4668-BE54-9A1E7A4F7556}") = "Rise.Services.ProductAPI", "Services\Rise.Services.ProductAPI\Rise.Services.ProductAPI.csproj", "{03AC9B16-5A39-41A5-AC5D-AD7B8420DF4F}"
EndProject
Project("{9A19103F-16F7-4668-BE54-9A1E7A4F7556}") = "Rise.Services.ShoppingCartAPI", "Services\Rise.Services.ShoppingCartAPI\Rise.Services.ShoppingCartAPI.csproj", "{2F78E833-DD95-4CAB-9BF8-214569387ADA}"
EndProject
Project("{9A19103F-16F7-4668-BE54-9A1E7A4F7556}") = "Rise.Services.CouponAPI", "Services\Rise.Services.CouponAPI\Rise.Services.CouponAPI.csproj", "{4E9C68B7-6B39-434C-9493-F785B48BF4B7}"
EndProject
Project("{9A19103F-16F7-4668-BE54-9A1E7A4F7556}") = "Rise.Services.Email", "Services\Rise.Services.Email\Rise.Services.Email.csproj", "{D0D71866-446B-4ABD-80CD-9A8CBFB9D36A}"
EndProject
Project("{9A19103F-16F7-4668-BE54-9A1E7A4F7556}") = "Rise.Services.OrderAPI", "Services\Rise.Services.OrderAPI\Rise.Services.OrderAPI.csproj", "{8E86EE38-2C04-4ABD-87D1-1631D7EE753F}"
EndProject
Project("{9A19103F-16F7-4668-BE54-9A1E7A4F7556}") = "Rise.Services.PaymentAPI", "Services\Rise.Services.PaymentAPI\Rise.Services.PaymentAPI.csproj", "{665CF21B-83FB-45A0-B556-8B20B4D6DCA4}"
EndProject
Project("{FAE04EC0-301F-11D3-BF4B-00C04F79EFBC}") = "Rise.Services.AddressAPI", "Services\Rise.Services.AddressAPI\Rise.Services.AddressAPI.csproj", "{36706B63-CBB1-4AB0-8AE8-304A680DB765}"
EndProject
Global
	GlobalSection(SolutionConfigurationPlatforms) = preSolution
		Debug|Any CPU = Debug|Any CPU
		Release|Any CPU = Release|Any CPU
	EndGlobalSection
	GlobalSection(ProjectConfigurationPlatforms) = postSolution
		{1145C25F-BD2B-41A6-A8B4-696241F0A9DC}.Debug|Any CPU.ActiveCfg = Debug|Any CPU
		{1145C25F-BD2B-41A6-A8B4-696241F0A9DC}.Debug|Any CPU.Build.0 = Debug|Any CPU
		{1145C25F-BD2B-41A6-A8B4-696241F0A9DC}.Release|Any CPU.ActiveCfg = Release|Any CPU
		{1145C25F-BD2B-41A6-A8B4-696241F0A9DC}.Release|Any CPU.Build.0 = Release|Any CPU
		{A0A8D8A2-B12F-4798-AF19-EBDDBB4725F0}.Debug|Any CPU.ActiveCfg = Debug|Any CPU
		{A0A8D8A2-B12F-4798-AF19-EBDDBB4725F0}.Debug|Any CPU.Build.0 = Debug|Any CPU
		{A0A8D8A2-B12F-4798-AF19-EBDDBB4725F0}.Release|Any CPU.ActiveCfg = Release|Any CPU
		{A0A8D8A2-B12F-4798-AF19-EBDDBB4725F0}.Release|Any CPU.Build.0 = Release|Any CPU
		{A4F966E9-9254-4C93-9714-80BCF0E6DAD1}.Debug|Any CPU.ActiveCfg = Debug|Any CPU
		{A4F966E9-9254-4C93-9714-80BCF0E6DAD1}.Debug|Any CPU.Build.0 = Debug|Any CPU
		{A4F966E9-9254-4C93-9714-80BCF0E6DAD1}.Release|Any CPU.ActiveCfg = Release|Any CPU
		{A4F966E9-9254-4C93-9714-80BCF0E6DAD1}.Release|Any CPU.Build.0 = Release|Any CPU
		{03AEBC4A-CB77-4104-935B-B6BC56F5D1AD}.Debug|Any CPU.ActiveCfg = Debug|Any CPU
		{03AEBC4A-CB77-4104-935B-B6BC56F5D1AD}.Debug|Any CPU.Build.0 = Debug|Any CPU
		{03AEBC4A-CB77-4104-935B-B6BC56F5D1AD}.Release|Any CPU.ActiveCfg = Release|Any CPU
		{03AEBC4A-CB77-4104-935B-B6BC56F5D1AD}.Release|Any CPU.Build.0 = Release|Any CPU
		{5BBB232D-CEA5-403F-8CDB-5C0572EA53D8}.Debug|Any CPU.ActiveCfg = Debug|Any CPU
		{5BBB232D-CEA5-403F-8CDB-5C0572EA53D8}.Debug|Any CPU.Build.0 = Debug|Any CPU
		{5BBB232D-CEA5-403F-8CDB-5C0572EA53D8}.Release|Any CPU.ActiveCfg = Release|Any CPU
		{5BBB232D-CEA5-403F-8CDB-5C0572EA53D8}.Release|Any CPU.Build.0 = Release|Any CPU
		{03AC9B16-5A39-41A5-AC5D-AD7B8420DF4F}.Debug|Any CPU.ActiveCfg = Debug|Any CPU
		{03AC9B16-5A39-41A5-AC5D-AD7B8420DF4F}.Debug|Any CPU.Build.0 = Debug|Any CPU
		{03AC9B16-5A39-41A5-AC5D-AD7B8420DF4F}.Release|Any CPU.ActiveCfg = Release|Any CPU
		{03AC9B16-5A39-41A5-AC5D-AD7B8420DF4F}.Release|Any CPU.Build.0 = Release|Any CPU
		{2F78E833-DD95-4CAB-9BF8-214569387ADA}.Debug|Any CPU.ActiveCfg = Debug|Any CPU
		{2F78E833-DD95-4CAB-9BF8-214569387ADA}.Debug|Any CPU.Build.0 = Debug|Any CPU
		{2F78E833-DD95-4CAB-9BF8-214569387ADA}.Release|Any CPU.ActiveCfg = Release|Any CPU
		{2F78E833-DD95-4CAB-9BF8-214569387ADA}.Release|Any CPU.Build.0 = Release|Any CPU
		{4E9C68B7-6B39-434C-9493-F785B48BF4B7}.Debug|Any CPU.ActiveCfg = Debug|Any CPU
		{4E9C68B7-6B39-434C-9493-F785B48BF4B7}.Debug|Any CPU.Build.0 = Debug|Any CPU
		{4E9C68B7-6B39-434C-9493-F785B48BF4B7}.Release|Any CPU.ActiveCfg = Release|Any CPU
		{4E9C68B7-6B39-434C-9493-F785B48BF4B7}.Release|Any CPU.Build.0 = Release|Any CPU
		{D0D71866-446B-4ABD-80CD-9A8CBFB9D36A}.Debug|Any CPU.ActiveCfg = Debug|Any CPU
		{D0D71866-446B-4ABD-80CD-9A8CBFB9D36A}.Debug|Any CPU.Build.0 = Debug|Any CPU
		{D0D71866-446B-4ABD-80CD-9A8CBFB9D36A}.Release|Any CPU.ActiveCfg = Release|Any CPU
		{D0D71866-446B-4ABD-80CD-9A8CBFB9D36A}.Release|Any CPU.Build.0 = Release|Any CPU
		{8E86EE38-2C04-4ABD-87D1-1631D7EE753F}.Debug|Any CPU.ActiveCfg = Debug|Any CPU
		{8E86EE38-2C04-4ABD-87D1-1631D7EE753F}.Debug|Any CPU.Build.0 = Debug|Any CPU
		{8E86EE38-2C04-4ABD-87D1-1631D7EE753F}.Release|Any CPU.ActiveCfg = Release|Any CPU
		{8E86EE38-2C04-4ABD-87D1-1631D7EE753F}.Release|Any CPU.Build.0 = Release|Any CPU
		{665CF21B-83FB-45A0-B556-8B20B4D6DCA4}.Debug|Any CPU.ActiveCfg = Debug|Any CPU
		{665CF21B-83FB-45A0-B556-8B20B4D6DCA4}.Debug|Any CPU.Build.0 = Debug|Any CPU
		{665CF21B-83FB-45A0-B556-8B20B4D6DCA4}.Release|Any CPU.ActiveCfg = Release|Any CPU
		{665CF21B-83FB-45A0-B556-8B20B4D6DCA4}.Release|Any CPU.Build.0 = Release|Any CPU
		{36706B63-CBB1-4AB0-8AE8-304A680DB765}.Debug|Any CPU.ActiveCfg = Debug|Any CPU
		{36706B63-CBB1-4AB0-8AE8-304A680DB765}.Debug|Any CPU.Build.0 = Debug|Any CPU
		{36706B63-CBB1-4AB0-8AE8-304A680DB765}.Release|Any CPU.ActiveCfg = Release|Any CPU
		{36706B63-CBB1-4AB0-8AE8-304A680DB765}.Release|Any CPU.Build.0 = Release|Any CPU
	EndGlobalSection
	GlobalSection(SolutionProperties) = preSolution
		HideSolutionNode = FALSE
	EndGlobalSection
	GlobalSection(NestedProjects) = preSolution
		{1145C25F-BD2B-41A6-A8B4-696241F0A9DC} = {0B3C3F2D-35D9-4F8B-A084-D44A65EBC40C}
		{A0A8D8A2-B12F-4798-AF19-EBDDBB4725F0} = {DCAB9459-551C-439A-95A4-AAF56E17E0AA}
		{A4F966E9-9254-4C93-9714-80BCF0E6DAD1} = {FF451AC0-FDBE-4C1F-87D9-FBEFD1B02E4B}
		{03AEBC4A-CB77-4104-935B-B6BC56F5D1AD} = {5A439C52-00C1-4776-951B-795B28D8B1BA}
		{5BBB232D-CEA5-403F-8CDB-5C0572EA53D8} = {BFAF178B-5F50-44A9-A4F0-E86A0629874C}
		{03AC9B16-5A39-41A5-AC5D-AD7B8420DF4F} = {5C7CBE54-7D2F-48B0-A058-6D04623F5C66}
		{2F78E833-DD95-4CAB-9BF8-214569387ADA} = {5C7CBE54-7D2F-48B0-A058-6D04623F5C66}
		{4E9C68B7-6B39-434C-9493-F785B48BF4B7} = {5C7CBE54-7D2F-48B0-A058-6D04623F5C66}
		{D0D71866-446B-4ABD-80CD-9A8CBFB9D36A} = {5C7CBE54-7D2F-48B0-A058-6D04623F5C66}
		{8E86EE38-2C04-4ABD-87D1-1631D7EE753F} = {5C7CBE54-7D2F-48B0-A058-6D04623F5C66}
		{665CF21B-83FB-45A0-B556-8B20B4D6DCA4} = {5C7CBE54-7D2F-48B0-A058-6D04623F5C66}
		{36706B63-CBB1-4AB0-8AE8-304A680DB765} = {5C7CBE54-7D2F-48B0-A058-6D04623F5C66}
	EndGlobalSection
	GlobalSection(ExtensibilityGlobals) = postSolution
		SolutionGuid = {905EF110-70B0-4BEE-8918-F4237910489F}
	EndGlobalSection
EndGlobal
